// !$*UTF8*$!
{
	archiveVersion = 1;
	classes = {
	};
	objectVersion = 56;
	objects = {

/* Begin PBXBuildFile section */
		18401EC529E674C5007A6DED /* _3_0_HappyHangerAppApp.swift in Sources */ = {isa = PBXBuildFile; fileRef = 18401EC429E674C5007A6DED /* _3_0_HappyHangerAppApp.swift */; };
		18401EC729E674C5007A6DED /* ContentView.swift in Sources */ = {isa = PBXBuildFile; fileRef = 18401EC629E674C5007A6DED /* ContentView.swift */; };
		18401EC929E674C7007A6DED /* Assets.xcassets in Resources */ = {isa = PBXBuildFile; fileRef = 18401EC829E674C7007A6DED /* Assets.xcassets */; };
		18401ECC29E674C7007A6DED /* Preview Assets.xcassets in Resources */ = {isa = PBXBuildFile; fileRef = 18401ECB29E674C7007A6DED /* Preview Assets.xcassets */; };
		18401ED429E67517007A6DED /* URL+Extensions.swift in Sources */ = {isa = PBXBuildFile; fileRef = 18401ED329E67517007A6DED /* URL+Extensions.swift */; };
		18401ED729E6786A007A6DED /* StoreHTTPClient.swift in Sources */ = {isa = PBXBuildFile; fileRef = 18401ED629E6786A007A6DED /* StoreHTTPClient.swift */; };
		18401EDA29E67931007A6DED /* Category.swift in Sources */ = {isa = PBXBuildFile; fileRef = 18401ED929E67931007A6DED /* Category.swift */; };
		18401EDC29E67C19007A6DED /* StoreModel.swift in Sources */ = {isa = PBXBuildFile; fileRef = 18401EDB29E67C19007A6DED /* StoreModel.swift */; };
		18401EDF29E67E53007A6DED /* CategoryListScreen.swift in Sources */ = {isa = PBXBuildFile; fileRef = 18401EDE29E67E53007A6DED /* CategoryListScreen.swift */; };
		18401EE129E69D7E007A6DED /* Products.swift in Sources */ = {isa = PBXBuildFile; fileRef = 18401EE029E69D7E007A6DED /* Products.swift */; };
		18401EE329E6A0EA007A6DED /* ProductListScreen.swift in Sources */ = {isa = PBXBuildFile; fileRef = 18401EE229E6A0EA007A6DED /* ProductListScreen.swift */; };
/* End PBXBuildFile section */

/* Begin PBXFileReference section */
		18401EC129E674C5007A6DED /* 23.0_HappyHangerApp.app */ = {isa = PBXFileReference; explicitFileType = wrapper.application; includeInIndex = 0; path = 23.0_HappyHangerApp.app; sourceTree = BUILT_PRODUCTS_DIR; };
		18401EC429E674C5007A6DED /* _3_0_HappyHangerAppApp.swift */ = {isa = PBXFileReference; lastKnownFileType = sourcecode.swift; path = _3_0_HappyHangerAppApp.swift; sourceTree = "<group>"; };
		18401EC629E674C5007A6DED /* ContentView.swift */ = {isa = PBXFileReference; lastKnownFileType = sourcecode.swift; path = ContentView.swift; sourceTree = "<group>"; };
		18401EC829E674C7007A6DED /* Assets.xcassets */ = {isa = PBXFileReference; lastKnownFileType = folder.assetcatalog; path = Assets.xcassets; sourceTree = "<group>"; };
		18401ECB29E674C7007A6DED /* Preview Assets.xcassets */ = {isa = PBXFileReference; lastKnownFileType = folder.assetcatalog; path = "Preview Assets.xcassets"; sourceTree = "<group>"; };
		18401ED329E67517007A6DED /* URL+Extensions.swift */ = {isa = PBXFileReference; lastKnownFileType = sourcecode.swift; path = "URL+Extensions.swift"; sourceTree = "<group>"; };
		18401ED629E6786A007A6DED /* StoreHTTPClient.swift */ = {isa = PBXFileReference; lastKnownFileType = sourcecode.swift; path = StoreHTTPClient.swift; sourceTree = "<group>"; };
		18401ED929E67931007A6DED /* Category.swift */ = {isa = PBXFileReference; lastKnownFileType = sourcecode.swift; path = Category.swift; sourceTree = "<group>"; };
		18401EDB29E67C19007A6DED /* StoreModel.swift */ = {isa = PBXFileReference; lastKnownFileType = sourcecode.swift; path = StoreModel.swift; sourceTree = "<group>"; };
		18401EDE29E67E53007A6DED /* CategoryListScreen.swift */ = {isa = PBXFileReference; lastKnownFileType = sourcecode.swift; path = CategoryListScreen.swift; sourceTree = "<group>"; };
		18401EE029E69D7E007A6DED /* Products.swift */ = {isa = PBXFileReference; lastKnownFileType = sourcecode.swift; path = Products.swift; sourceTree = "<group>"; };
		18401EE229E6A0EA007A6DED /* ProductListScreen.swift */ = {isa = PBXFileReference; lastKnownFileType = sourcecode.swift; path = ProductListScreen.swift; sourceTree = "<group>"; };
/* End PBXFileReference section */

/* Begin PBXFrameworksBuildPhase section */
		18401EBE29E674C5007A6DED /* Frameworks */ = {
			isa = PBXFrameworksBuildPhase;
			buildActionMask = 2147483647;
			files = (
			);
			runOnlyForDeploymentPostprocessing = 0;
		};
/* End PBXFrameworksBuildPhase section */

/* Begin PBXGroup section */
		18401EB829E674C5007A6DED = {
			isa = PBXGroup;
			children = (
				18401EC329E674C5007A6DED /* 23.0_HappyHangerApp */,
				18401EC229E674C5007A6DED /* Products */,
			);
			sourceTree = "<group>";
		};
		18401EC229E674C5007A6DED /* Products */ = {
			isa = PBXGroup;
			children = (
				18401EC129E674C5007A6DED /* 23.0_HappyHangerApp.app */,
			);
			name = Products;
			sourceTree = "<group>";
		};
		18401EC329E674C5007A6DED /* 23.0_HappyHangerApp */ = {
			isa = PBXGroup;
			children = (
				18401EC429E674C5007A6DED /* _3_0_HappyHangerAppApp.swift */,
				18401EC629E674C5007A6DED /* ContentView.swift */,
				18401ED229E674F1007A6DED /* Extensions */,
				18401ED529E6784B007A6DED /* Clients */,
				18401ED829E6791F007A6DED /* Models */,
				18401EDD29E67E35007A6DED /* Screens */,
				18401EC829E674C7007A6DED /* Assets.xcassets */,
				18401ECA29E674C7007A6DED /* Preview Content */,
			);
			path = 23.0_HappyHangerApp;
			sourceTree = "<group>";
		};
		18401ECA29E674C7007A6DED /* Preview Content */ = {
			isa = PBXGroup;
			children = (
				18401ECB29E674C7007A6DED /* Preview Assets.xcassets */,
			);
			path = "Preview Content";
			sourceTree = "<group>";
		};
		18401ED229E674F1007A6DED /* Extensions */ = {
			isa = PBXGroup;
			children = (
				18401ED329E67517007A6DED /* URL+Extensions.swift */,
			);
			path = Extensions;
			sourceTree = "<group>";
		};
		18401ED529E6784B007A6DED /* Clients */ = {
			isa = PBXGroup;
			children = (
				18401ED629E6786A007A6DED /* StoreHTTPClient.swift */,
			);
			path = Clients;
			sourceTree = "<group>";
		};
		18401ED829E6791F007A6DED /* Models */ = {
			isa = PBXGroup;
			children = (
				18401ED929E67931007A6DED /* Category.swift */,
				18401EDB29E67C19007A6DED /* StoreModel.swift */,
				18401EE029E69D7E007A6DED /* Products.swift */,
			);
			path = Models;
			sourceTree = "<group>";
		};
		18401EDD29E67E35007A6DED /* Screens */ = {
			isa = PBXGroup;
			children = (
				18401EDE29E67E53007A6DED /* CategoryListScreen.swift */,
				18401EE229E6A0EA007A6DED /* ProductListScreen.swift */,
			);
			path = Screens;
			sourceTree = "<group>";
		};
/* End PBXGroup section */

/* Begin PBXNativeTarget section */
		18401EC029E674C5007A6DED /* 23.0_HappyHangerApp */ = {
			isa = PBXNativeTarget;
			buildConfigurationList = 18401ECF29E674C7007A6DED /* Build configuration list for PBXNativeTarget "23.0_HappyHangerApp" */;
			buildPhases = (
				18401EBD29E674C5007A6DED /* Sources */,
				18401EBE29E674C5007A6DED /* Frameworks */,
				18401EBF29E674C5007A6DED /* Resources */,
			);
			buildRules = (
			);
			dependencies = (
			);
			name = 23.0_HappyHangerApp;
			productName = 23.0_HappyHangerApp;
			productReference = 18401EC129E674C5007A6DED /* 23.0_HappyHangerApp.app */;
			productType = "com.apple.product-type.application";
		};
/* End PBXNativeTarget section */

/* Begin PBXProject section */
		18401EB929E674C5007A6DED /* Project object */ = {
			isa = PBXProject;
			attributes = {
				BuildIndependentTargetsInParallel = 1;
				LastSwiftUpdateCheck = 1420;
				LastUpgradeCheck = 1420;
				TargetAttributes = {
					18401EC029E674C5007A6DED = {
						CreatedOnToolsVersion = 14.2;
					};
				};
			};
			buildConfigurationList = 18401EBC29E674C5007A6DED /* Build configuration list for PBXProject "23.0_HappyHangerApp" */;
			compatibilityVersion = "Xcode 14.0";
			developmentRegion = en;
			hasScannedForEncodings = 0;
			knownRegions = (
				en,
				Base,
			);
			mainGroup = 18401EB829E674C5007A6DED;
			productRefGroup = 18401EC229E674C5007A6DED /* Products */;
			projectDirPath = "";
			projectRoot = "";
			targets = (
				18401EC029E674C5007A6DED /* 23.0_HappyHangerApp */,
			);
		};
/* End PBXProject section */

/* Begin PBXResourcesBuildPhase section */
		18401EBF29E674C5007A6DED /* Resources */ = {
			isa = PBXResourcesBuildPhase;
			buildActionMask = 2147483647;
			files = (
				18401ECC29E674C7007A6DED /* Preview Assets.xcassets in Resources */,
				18401EC929E674C7007A6DED /* Assets.xcassets in Resources */,
			);
			runOnlyForDeploymentPostprocessing = 0;
		};
/* End PBXResourcesBuildPhase section */

/* Begin PBXSourcesBuildPhase section */
		18401EBD29E674C5007A6DED /* Sources */ = {
			isa = PBXSourcesBuildPhase;
			buildActionMask = 2147483647;
			files = (
				18401ED729E6786A007A6DED /* StoreHTTPClient.swift in Sources */,
				18401EDA29E67931007A6DED /* Category.swift in Sources */,
				18401EC729E674C5007A6DED /* ContentView.swift in Sources */,
				18401ED429E67517007A6DED /* URL+Extensions.swift in Sources */,
				18401EE329E6A0EA007A6DED /* ProductListScreen.swift in Sources */,
				18401EC529E674C5007A6DED /* _3_0_HappyHangerAppApp.swift in Sources */,
				18401EE129E69D7E007A6DED /* Products.swift in Sources */,
				18401EDF29E67E53007A6DED /* CategoryListScreen.swift in Sources */,
				18401EDC29E67C19007A6DED /* StoreModel.swift in Sources */,
			);
			runOnlyForDeploymentPostprocessing = 0;
		};
/* End PBXSourcesBuildPhase section */

/* Begin XCBuildConfiguration section */
		18401ECD29E674C7007A6DED /* Debug */ = {
			isa = XCBuildConfiguration;
			buildSettings = {
				ALWAYS_SEARCH_USER_PATHS = NO;
				CLANG_ANALYZER_NONNULL = YES;
				CLANG_ANALYZER_NUMBER_OBJECT_CONVERSION = YES_AGGRESSIVE;
				CLANG_CXX_LANGUAGE_STANDARD = "gnu++20";
				CLANG_ENABLE_MODULES = YES;
				CLANG_ENABLE_OBJC_ARC = YES;
				CLANG_ENABLE_OBJC_WEAK = YES;
				CLANG_WARN_BLOCK_CAPTURE_AUTORELEASING = YES;
				CLANG_WARN_BOOL_CONVERSION = YES;
				CLANG_WARN_COMMA = YES;
				CLANG_WARN_CONSTANT_CONVERSION = YES;
				CLANG_WARN_DEPRECATED_OBJC_IMPLEMENTATIONS = YES;
				CLANG_WARN_DIRECT_OBJC_ISA_USAGE = YES_ERROR;
				CLANG_WARN_DOCUMENTATION_COMMENTS = YES;
				CLANG_WARN_EMPTY_BODY = YES;
				CLANG_WARN_ENUM_CONVERSION = YES;
				CLANG_WARN_INFINITE_RECURSION = YES;
				CLANG_WARN_INT_CONVERSION = YES;
				CLANG_WARN_NON_LITERAL_NULL_CONVERSION = YES;
				CLANG_WARN_OBJC_IMPLICIT_RETAIN_SELF = YES;
				CLANG_WARN_OBJC_LITERAL_CONVERSION = YES;
				CLANG_WARN_OBJC_ROOT_CLASS = YES_ERROR;
				CLANG_WARN_QUOTED_INCLUDE_IN_FRAMEWORK_HEADER = YES;
				CLANG_WARN_RANGE_LOOP_ANALYSIS = YES;
				CLANG_WARN_STRICT_PROTOTYPES = YES;
				CLANG_WARN_SUSPICIOUS_MOVE = YES;
				CLANG_WARN_UNGUARDED_AVAILABILITY = YES_AGGRESSIVE;
				CLANG_WARN_UNREACHABLE_CODE = YES;
				CLANG_WARN__DUPLICATE_METHOD_MATCH = YES;
				COPY_PHASE_STRIP = NO;
				DEBUG_INFORMATION_FORMAT = dwarf;
				ENABLE_STRICT_OBJC_MSGSEND = YES;
				ENABLE_TESTABILITY = YES;
				GCC_C_LANGUAGE_STANDARD = gnu11;
				GCC_DYNAMIC_NO_PIC = NO;
				GCC_NO_COMMON_BLOCKS = YES;
				GCC_OPTIMIZATION_LEVEL = 0;
				GCC_PREPROCESSOR_DEFINITIONS = (
					"DEBUG=1",
					"$(inherited)",
				);
				GCC_WARN_64_TO_32_BIT_CONVERSION = YES;
				GCC_WARN_ABOUT_RETURN_TYPE = YES_ERROR;
				GCC_WARN_UNDECLARED_SELECTOR = YES;
				GCC_WARN_UNINITIALIZED_AUTOS = YES_AGGRESSIVE;
				GCC_WARN_UNUSED_FUNCTION = YES;
				GCC_WARN_UNUSED_VARIABLE = YES;
				IPHONEOS_DEPLOYMENT_TARGET = 16.2;
				MTL_ENABLE_DEBUG_INFO = INCLUDE_SOURCE;
				MTL_FAST_MATH = YES;
				ONLY_ACTIVE_ARCH = YES;
				SDKROOT = iphoneos;
				SWIFT_ACTIVE_COMPILATION_CONDITIONS = DEBUG;
				SWIFT_OPTIMIZATION_LEVEL = "-Onone";
			};
			name = Debug;
		};
		18401ECE29E674C7007A6DED /* Release */ = {
			isa = XCBuildConfiguration;
			buildSettings = {
				ALWAYS_SEARCH_USER_PATHS = NO;
				CLANG_ANALYZER_NONNULL = YES;
				CLANG_ANALYZER_NUMBER_OBJECT_CONVERSION = YES_AGGRESSIVE;
				CLANG_CXX_LANGUAGE_STANDARD = "gnu++20";
				CLANG_ENABLE_MODULES = YES;
				CLANG_ENABLE_OBJC_ARC = YES;
				CLANG_ENABLE_OBJC_WEAK = YES;
				CLANG_WARN_BLOCK_CAPTURE_AUTORELEASING = YES;
				CLANG_WARN_BOOL_CONVERSION = YES;
				CLANG_WARN_COMMA = YES;
				CLANG_WARN_CONSTANT_CONVERSION = YES;
				CLANG_WARN_DEPRECATED_OBJC_IMPLEMENTATIONS = YES;
				CLANG_WARN_DIRECT_OBJC_ISA_USAGE = YES_ERROR;
				CLANG_WARN_DOCUMENTATION_COMMENTS = YES;
				CLANG_WARN_EMPTY_BODY = YES;
				CLANG_WARN_ENUM_CONVERSION = YES;
				CLANG_WARN_INFINITE_RECURSION = YES;
				CLANG_WARN_INT_CONVERSION = YES;
				CLANG_WARN_NON_LITERAL_NULL_CONVERSION = YES;
				CLANG_WARN_OBJC_IMPLICIT_RETAIN_SELF = YES;
				CLANG_WARN_OBJC_LITERAL_CONVERSION = YES;
				CLANG_WARN_OBJC_ROOT_CLASS = YES_ERROR;
				CLANG_WARN_QUOTED_INCLUDE_IN_FRAMEWORK_HEADER = YES;
				CLANG_WARN_RANGE_LOOP_ANALYSIS = YES;
				CLANG_WARN_STRICT_PROTOTYPES = YES;
				CLANG_WARN_SUSPICIOUS_MOVE = YES;
				CLANG_WARN_UNGUARDED_AVAILABILITY = YES_AGGRESSIVE;
				CLANG_WARN_UNREACHABLE_CODE = YES;
				CLANG_WARN__DUPLICATE_METHOD_MATCH = YES;
				COPY_PHASE_STRIP = NO;
				DEBUG_INFORMATION_FORMAT = "dwarf-with-dsym";
				ENABLE_NS_ASSERTIONS = NO;
				ENABLE_STRICT_OBJC_MSGSEND = YES;
				GCC_C_LANGUAGE_STANDARD = gnu11;
				GCC_NO_COMMON_BLOCKS = YES;
				GCC_WARN_64_TO_32_BIT_CONVERSION = YES;
				GCC_WARN_ABOUT_RETURN_TYPE = YES_ERROR;
				GCC_WARN_UNDECLARED_SELECTOR = YES;
				GCC_WARN_UNINITIALIZED_AUTOS = YES_AGGRESSIVE;
				GCC_WARN_UNUSED_FUNCTION = YES;
				GCC_WARN_UNUSED_VARIABLE = YES;
				IPHONEOS_DEPLOYMENT_TARGET = 16.2;
				MTL_ENABLE_DEBUG_INFO = NO;
				MTL_FAST_MATH = YES;
				SDKROOT = iphoneos;
				SWIFT_COMPILATION_MODE = wholemodule;
				SWIFT_OPTIMIZATION_LEVEL = "-O";
				VALIDATE_PRODUCT = YES;
			};
			name = Release;
		};
		18401ED029E674C7007A6DED /* Debug */ = {
			isa = XCBuildConfiguration;
			buildSettings = {
				ASSETCATALOG_COMPILER_APPICON_NAME = AppIcon;
				ASSETCATALOG_COMPILER_GLOBAL_ACCENT_COLOR_NAME = AccentColor;
				CODE_SIGN_STYLE = Automatic;
				CURRENT_PROJECT_VERSION = 1;
				DEVELOPMENT_ASSET_PATHS = "\"23.0_HappyHangerApp/Preview Content\"";
				DEVELOPMENT_TEAM = 65Y36WN836;
				ENABLE_PREVIEWS = YES;
				GENERATE_INFOPLIST_FILE = YES;
				INFOPLIST_KEY_UIApplicationSceneManifest_Generation = YES;
				INFOPLIST_KEY_UIApplicationSupportsIndirectInputEvents = YES;
				INFOPLIST_KEY_UILaunchScreen_Generation = YES;
				INFOPLIST_KEY_UISupportedInterfaceOrientations_iPad = "UIInterfaceOrientationPortrait UIInterfaceOrientationPortraitUpsideDown UIInterfaceOrientationLandscapeLeft UIInterfaceOrientationLandscapeRight";
				INFOPLIST_KEY_UISupportedInterfaceOrientations_iPhone = "UIInterfaceOrientationPortrait UIInterfaceOrientationLandscapeLeft UIInterfaceOrientationLandscapeRight";
				LD_RUNPATH_SEARCH_PATHS = (
					"$(inherited)",
					"@executable_path/Frameworks",
				);
				MARKETING_VERSION = 1.0;
				PRODUCT_BUNDLE_IDENTIFIER = "com.alen.app.-3-0-HappyHangerApp";
				PRODUCT_NAME = "$(TARGET_NAME)";
				SWIFT_EMIT_LOC_STRINGS = YES;
				SWIFT_VERSION = 5.0;
				TARGETED_DEVICE_FAMILY = "1,2";
			};
			name = Debug;
		};
		18401ED129E674C7007A6DED /* Release */ = {
			isa = XCBuildConfiguration;
			buildSettings = {
				ASSETCATALOG_COMPILER_APPICON_NAME = AppIcon;
				ASSETCATALOG_COMPILER_GLOBAL_ACCENT_COLOR_NAME = AccentColor;
				CODE_SIGN_STYLE = Automatic;
				CURRENT_PROJECT_VERSION = 1;
				DEVELOPMENT_ASSET_PATHS = "\"23.0_HappyHangerApp/Preview Content\"";
				DEVELOPMENT_TEAM = 65Y36WN836;
				ENABLE_PREVIEWS = YES;
				GENERATE_INFOPLIST_FILE = YES;
				INFOPLIST_KEY_UIApplicationSceneManifest_Generation = YES;
				INFOPLIST_KEY_UIApplicationSupportsIndirectInputEvents = YES;
				INFOPLIST_KEY_UILaunchScreen_Generation = YES;
				INFOPLIST_KEY_UISupportedInterfaceOrientations_iPad = "UIInterfaceOrientationPortrait UIInterfaceOrientationPortraitUpsideDown UIInterfaceOrientationLandscapeLeft UIInterfaceOrientationLandscapeRight";
				INFOPLIST_KEY_UISupportedInterfaceOrientations_iPhone = "UIInterfaceOrientationPortrait UIInterfaceOrientationLandscapeLeft UIInterfaceOrientationLandscapeRight";
				LD_RUNPATH_SEARCH_PATHS = (
					"$(inherited)",
					"@executable_path/Frameworks",
				);
				MARKETING_VERSION = 1.0;
				PRODUCT_BUNDLE_IDENTIFIER = "com.alen.app.-3-0-HappyHangerApp";
				PRODUCT_NAME = "$(TARGET_NAME)";
				SWIFT_EMIT_LOC_STRINGS = YES;
				SWIFT_VERSION = 5.0;
				TARGETED_DEVICE_FAMILY = "1,2";
			};
			name = Release;
		};
/* End XCBuildConfiguration section */

/* Begin XCConfigurationList section */
		18401EBC29E674C5007A6DED /* Build configuration list for PBXProject "23.0_HappyHangerApp" */ = {
			isa = XCConfigurationList;
			buildConfigurations = (
				18401ECD29E674C7007A6DED /* Debug */,
				18401ECE29E674C7007A6DED /* Release */,
			);
			defaultConfigurationIsVisible = 0;
			defaultConfigurationName = Release;
		};
		18401ECF29E674C7007A6DED /* Build configuration list for PBXNativeTarget "23.0_HappyHangerApp" */ = {
			isa = XCConfigurationList;
			buildConfigurations = (
				18401ED029E674C7007A6DED /* Debug */,
				18401ED129E674C7007A6DED /* Release */,
			);
			defaultConfigurationIsVisible = 0;
			defaultConfigurationName = Release;
		};
/* End XCConfigurationList section */
	};
	rootObject = 18401EB929E674C5007A6DED /* Project object */;
}
